<?xml version="1.0" encoding="utf-8"?>
<Project ToolsVersion="4.0" xmlns="http://schemas.microsoft.com/developer/msbuild/2003">
  <ItemGroup>
    <Filter Include="Source Files">
      <UniqueIdentifier>{4FC737F1-C7A5-4376-A066-2A32D752A2FF}</UniqueIdentifier>
      <Extensions>cpp;c;cc;cxx;def;odl;idl;hpj;bat;asm;asmx</Extensions>
    </Filter>
    <Filter Include="Header Files">
      <UniqueIdentifier>{93995380-89BD-4b04-88EB-625FBE52EBFB}</UniqueIdentifier>
      <Extensions>h;hh;hpp;hxx;hm;inl;inc;xsd</Extensions>
    </Filter>
    <Filter Include="Resource Files">
      <UniqueIdentifier>{67DA6AB6-F800-4c08-8B7A-83BB121AAD01}</UniqueIdentifier>
      <Extensions>rc;ico;cur;bmp;dlg;rc2;rct;bin;rgs;gif;jpg;jpeg;jpe;resx;tiff;tif;png;wav;mfcribbon-ms</Extensions>
    </Filter>
    <Filter Include="Resource Files\lua">
      <UniqueIdentifier>{9628f079-22ce-48b8-af18-757fb018248a}</UniqueIdentifier>
    </Filter>
    <Filter Include="Header Files\Engine">
      <UniqueIdentifier>{ba9d57e0-a5ce-4e60-9cfb-9ea671dc1854}</UniqueIdentifier>
    </Filter>
    <Filter Include="Header Files\Engine\Utility">
      <UniqueIdentifier>{19e14eb9-e212-4335-a058-efd6de1cf718}</UniqueIdentifier>
    </Filter>
    <Filter Include="Header Files\Engine\PluginInterface">
      <UniqueIdentifier>{012d1551-482f-4173-9f28-77754f5218a2}</UniqueIdentifier>
    </Filter>
    <Filter Include="Header Files\Engine\Network">
      <UniqueIdentifier>{66575733-a4aa-4868-9885-3c1f852f77e0}</UniqueIdentifier>
    </Filter>
  </ItemGroup>
  <ItemGroup>
    <ClCompile Include="main.cpp">
      <Filter>Source Files</Filter>
    </ClCompile>
    <ClCompile Include="interfaces.cpp">
      <Filter>Source Files</Filter>
    </ClCompile>
    <ClCompile Include="memory.cpp">
      <Filter>Source Files</Filter>
    </ClCompile>
  </ItemGroup>
  <ItemGroup>
    <ClInclude Include="stingray.h">
      <Filter>Header Files</Filter>
    </ClInclude>
    <ClInclude Include="interfaces.h">
      <Filter>Header Files</Filter>
    </ClInclude>
    <ClInclude Include="engine\application.h">
      <Filter>Header Files\Engine</Filter>
    </ClInclude>
    <ClInclude Include="engine\world.h">
      <Filter>Header Files\Engine</Filter>
    </ClInclude>
    <ClInclude Include="engine\luaenvironment.h">
      <Filter>Header Files\Engine</Filter>
    </ClInclude>
    <ClInclude Include="engine\component.h">
      <Filter>Header Files\Engine</Filter>
    </ClInclude>
    <ClInclude Include="engine\unit.h">
      <Filter>Header Files\Engine</Filter>
    </ClInclude>
    <ClInclude Include="engine\renderinterface.h">
      <Filter>Header Files\Engine</Filter>
    </ClInclude>
    <ClInclude Include="memory.h">
      <Filter>Header Files</Filter>
    </ClInclude>
    <ClInclude Include="lua\lauxlib.h">
      <Filter>Resource Files\lua</Filter>
    </ClInclude>
    <ClInclude Include="lua\lua.h">
      <Filter>Resource Files\lua</Filter>
    </ClInclude>
    <ClInclude Include="lua\luaconf.h">
      <Filter>Resource Files\lua</Filter>
    </ClInclude>
    <ClInclude Include="lua\lualib.h">
      <Filter>Resource Files\lua</Filter>
    </ClInclude>
    <ClInclude Include="engine\level.h">
      <Filter>Header Files\Engine</Filter>
    </ClInclude>
    <ClInclude Include="lua\lua.hpp">
      <Filter>Resource Files\lua</Filter>
    </ClInclude>
    <ClInclude Include="Engine\Utility\IdString64.h">
      <Filter>Header Files\Engine\Utility</Filter>
    </ClInclude>
    <ClInclude Include="Engine\shadingenvironment.h">
      <Filter>Header Files\Engine</Filter>
    </ClInclude>
    <ClInclude Include="Engine\PluginInterface\internal.h">
      <Filter>Header Files\Engine\PluginInterface</Filter>
    </ClInclude>
    <ClInclude Include="Engine\scattersystem.h">
      <Filter>Header Files\Engine</Filter>
    </ClInclude>
    <ClInclude Include="Engine\Network\gamesession.h">
      <Filter>Header Files\Engine\Network</Filter>
    </ClInclude>
  </ItemGroup>
</Project>